
Microsoft Visual Studio Solution File, Format Version 12.00
# Visual Studio 14
VisualStudioVersion = 14.0.24720.0
MinimumVisualStudioVersion = 10.0.40219.1
Project("{FAE04EC0-301F-11D3-BF4B-00C04F79EFBC}") = "Day01.01", "Day01.01\Day01.01.csproj", "{DA7A3E7E-CD80-4E26-8846-A8B9A49341D6}"
EndProject
Project("{FAE04EC0-301F-11D3-BF4B-00C04F79EFBC}") = "Day01.02", "Day01.02\Day01.02.csproj", "{7EAE7C85-C773-463E-8B4B-AEA814120AD5}"
EndProject
Project("{FAE04EC0-301F-11D3-BF4B-00C04F79EFBC}") = "Day02.01", "Day02.01\Day02.01.csproj", "{954E2A22-9F50-437D-8826-64CADA7046E6}"
EndProject
Project("{FAE04EC0-301F-11D3-BF4B-00C04F79EFBC}") = "Day02.02", "Day02.02\Day02.02.csproj", "{93BA0A91-C332-459B-BF63-D615867F17A8}"
EndProject
Project("{FAE04EC0-301F-11D3-BF4B-00C04F79EFBC}") = "Day03.01", "Day03.01\Day03.01.csproj", "{90F09F47-F7CB-43FD-AE9E-36A0D0A58D5D}"
EndProject
Project("{FAE04EC0-301F-11D3-BF4B-00C04F79EFBC}") = "Day03.02", "Day03.02\Day03.02.csproj", "{537BAEF9-E913-41AD-B8CC-8F859593C402}"
EndProject
Project("{FAE04EC0-301F-11D3-BF4B-00C04F79EFBC}") = "Day04.01", "Day04.01\Day04.01.csproj", "{CD528880-FB09-42F3-A6A0-4C53AC54F2BC}"
EndProject
Project("{FAE04EC0-301F-11D3-BF4B-00C04F79EFBC}") = "Day04.02", "Day04.02\Day04.02.csproj", "{24B9E6D5-C63D-42C8-BB01-5B39905FF503}"
EndProject
Project("{FAE04EC0-301F-11D3-BF4B-00C04F79EFBC}") = "Day05.01", "Day05.01\Day05.01.csproj", "{502496F5-0CD2-474C-A67D-342707D96DEE}"
EndProject
Project("{FAE04EC0-301F-11D3-BF4B-00C04F79EFBC}") = "Day05.02", "Day05.02\Day05.02.csproj", "{95EA919A-69B9-4815-9297-B6C3B699679C}"
EndProject
Project("{FAE04EC0-301F-11D3-BF4B-00C04F79EFBC}") = "Day06.01", "Day06.01\Day06.01.csproj", "{5D22960A-82EB-4EB4-95B0-C1C3DB298A2E}"
EndProject
Project("{FAE04EC0-301F-11D3-BF4B-00C04F79EFBC}") = "Day06.02", "Day06.02\Day06.02.csproj", "{F9E6DF9A-4F78-4E54-8481-31C11A3C51F5}"
EndProject
Project("{FAE04EC0-301F-11D3-BF4B-00C04F79EFBC}") = "Day07.01", "Day07.01\Day07.01.csproj", "{CFE76A0A-0CA9-46CE-AD77-89790F1E68BD}"
EndProject
Project("{FAE04EC0-301F-11D3-BF4B-00C04F79EFBC}") = "Day07.02", "Day07.02\Day07.02.csproj", "{78DBF7B7-0063-4B6B-B750-8DAE06ADE05B}"
EndProject
Project("{FAE04EC0-301F-11D3-BF4B-00C04F79EFBC}") = "Day08.01", "Day08.01\Day08.01.csproj", "{4B8B8793-AAFD-4813-BB04-84CACC6102D6}"
EndProject
Project("{FAE04EC0-301F-11D3-BF4B-00C04F79EFBC}") = "Day08.02", "Day08.02\Day08.02.csproj", "{EA253E02-06F5-47E9-B078-465CF374325D}"
EndProject
Project("{FAE04EC0-301F-11D3-BF4B-00C04F79EFBC}") = "Day09.01", "Day09.01\Day09.01.csproj", "{376E7130-EA41-419A-97E3-A770ADE74E31}"
EndProject
Project("{FAE04EC0-301F-11D3-BF4B-00C04F79EFBC}") = "Day09.02", "Day09.02\Day09.02.csproj", "{FB6BE920-E6CB-4D71-B27D-FA8F3437809A}"
EndProject
Global
	GlobalSection(SolutionConfigurationPlatforms) = preSolution
		Debug|Any CPU = Debug|Any CPU
		Release|Any CPU = Release|Any CPU
	EndGlobalSection
	GlobalSection(ProjectConfigurationPlatforms) = postSolution
		{DA7A3E7E-CD80-4E26-8846-A8B9A49341D6}.Debug|Any CPU.ActiveCfg = Debug|Any CPU
		{DA7A3E7E-CD80-4E26-8846-A8B9A49341D6}.Debug|Any CPU.Build.0 = Debug|Any CPU
		{DA7A3E7E-CD80-4E26-8846-A8B9A49341D6}.Release|Any CPU.ActiveCfg = Release|Any CPU
		{DA7A3E7E-CD80-4E26-8846-A8B9A49341D6}.Release|Any CPU.Build.0 = Release|Any CPU
		{7EAE7C85-C773-463E-8B4B-AEA814120AD5}.Debug|Any CPU.ActiveCfg = Debug|Any CPU
		{7EAE7C85-C773-463E-8B4B-AEA814120AD5}.Debug|Any CPU.Build.0 = Debug|Any CPU
		{7EAE7C85-C773-463E-8B4B-AEA814120AD5}.Release|Any CPU.ActiveCfg = Release|Any CPU
		{7EAE7C85-C773-463E-8B4B-AEA814120AD5}.Release|Any CPU.Build.0 = Release|Any CPU
		{954E2A22-9F50-437D-8826-64CADA7046E6}.Debug|Any CPU.ActiveCfg = Debug|Any CPU
		{954E2A22-9F50-437D-8826-64CADA7046E6}.Debug|Any CPU.Build.0 = Debug|Any CPU
		{954E2A22-9F50-437D-8826-64CADA7046E6}.Release|Any CPU.ActiveCfg = Release|Any CPU
		{954E2A22-9F50-437D-8826-64CADA7046E6}.Release|Any CPU.Build.0 = Release|Any CPU
		{93BA0A91-C332-459B-BF63-D615867F17A8}.Debug|Any CPU.ActiveCfg = Debug|Any CPU
		{93BA0A91-C332-459B-BF63-D615867F17A8}.Debug|Any CPU.Build.0 = Debug|Any CPU
		{93BA0A91-C332-459B-BF63-D615867F17A8}.Release|Any CPU.ActiveCfg = Release|Any CPU
		{93BA0A91-C332-459B-BF63-D615867F17A8}.Release|Any CPU.Build.0 = Release|Any CPU
		{90F09F47-F7CB-43FD-AE9E-36A0D0A58D5D}.Debug|Any CPU.ActiveCfg = Debug|Any CPU
		{90F09F47-F7CB-43FD-AE9E-36A0D0A58D5D}.Debug|Any CPU.Build.0 = Debug|Any CPU
		{90F09F47-F7CB-43FD-AE9E-36A0D0A58D5D}.Release|Any CPU.ActiveCfg = Release|Any CPU
		{90F09F47-F7CB-43FD-AE9E-36A0D0A58D5D}.Release|Any CPU.Build.0 = Release|Any CPU
		{537BAEF9-E913-41AD-B8CC-8F859593C402}.Debug|Any CPU.ActiveCfg = Debug|Any CPU
		{537BAEF9-E913-41AD-B8CC-8F859593C402}.Debug|Any CPU.Build.0 = Debug|Any CPU
		{537BAEF9-E913-41AD-B8CC-8F859593C402}.Release|Any CPU.ActiveCfg = Release|Any CPU
		{537BAEF9-E913-41AD-B8CC-8F859593C402}.Release|Any CPU.Build.0 = Release|Any CPU
		{CD528880-FB09-42F3-A6A0-4C53AC54F2BC}.Debug|Any CPU.ActiveCfg = Debug|Any CPU
		{CD528880-FB09-42F3-A6A0-4C53AC54F2BC}.Debug|Any CPU.Build.0 = Debug|Any CPU
		{CD528880-FB09-42F3-A6A0-4C53AC54F2BC}.Release|Any CPU.ActiveCfg = Release|Any CPU
		{CD528880-FB09-42F3-A6A0-4C53AC54F2BC}.Release|Any CPU.Build.0 = Release|Any CPU
		{24B9E6D5-C63D-42C8-BB01-5B39905FF503}.Debug|Any CPU.ActiveCfg = Debug|Any CPU
		{24B9E6D5-C63D-42C8-BB01-5B39905FF503}.Debug|Any CPU.Build.0 = Debug|Any CPU
		{24B9E6D5-C63D-42C8-BB01-5B39905FF503}.Release|Any CPU.ActiveCfg = Release|Any CPU
		{24B9E6D5-C63D-42C8-BB01-5B39905FF503}.Release|Any CPU.Build.0 = Release|Any CPU
		{502496F5-0CD2-474C-A67D-342707D96DEE}.Debug|Any CPU.ActiveCfg = Debug|Any CPU
		{502496F5-0CD2-474C-A67D-342707D96DEE}.Debug|Any CPU.Build.0 = Debug|Any CPU
		{502496F5-0CD2-474C-A67D-342707D96DEE}.Release|Any CPU.ActiveCfg = Release|Any CPU
		{502496F5-0CD2-474C-A67D-342707D96DEE}.Release|Any CPU.Build.0 = Release|Any CPU
		{95EA919A-69B9-4815-9297-B6C3B699679C}.Debug|Any CPU.ActiveCfg = Debug|Any CPU
		{95EA919A-69B9-4815-9297-B6C3B699679C}.Debug|Any CPU.Build.0 = Debug|Any CPU
		{95EA919A-69B9-4815-9297-B6C3B699679C}.Release|Any CPU.ActiveCfg = Release|Any CPU
		{95EA919A-69B9-4815-9297-B6C3B699679C}.Release|Any CPU.Build.0 = Release|Any CPU
		{5D22960A-82EB-4EB4-95B0-C1C3DB298A2E}.Debug|Any CPU.ActiveCfg = Debug|Any CPU
		{5D22960A-82EB-4EB4-95B0-C1C3DB298A2E}.Debug|Any CPU.Build.0 = Debug|Any CPU
		{5D22960A-82EB-4EB4-95B0-C1C3DB298A2E}.Release|Any CPU.ActiveCfg = Release|Any CPU
		{5D22960A-82EB-4EB4-95B0-C1C3DB298A2E}.Release|Any CPU.Build.0 = Release|Any CPU
		{F9E6DF9A-4F78-4E54-8481-31C11A3C51F5}.Debug|Any CPU.ActiveCfg = Debug|Any CPU
		{F9E6DF9A-4F78-4E54-8481-31C11A3C51F5}.Debug|Any CPU.Build.0 = Debug|Any CPU
		{F9E6DF9A-4F78-4E54-8481-31C11A3C51F5}.Release|Any CPU.ActiveCfg = Release|Any CPU
		{F9E6DF9A-4F78-4E54-8481-31C11A3C51F5}.Release|Any CPU.Build.0 = Release|Any CPU
		{CFE76A0A-0CA9-46CE-AD77-89790F1E68BD}.Debug|Any CPU.ActiveCfg = Debug|Any CPU
		{CFE76A0A-0CA9-46CE-AD77-89790F1E68BD}.Debug|Any CPU.Build.0 = Debug|Any CPU
		{CFE76A0A-0CA9-46CE-AD77-89790F1E68BD}.Release|Any CPU.ActiveCfg = Release|Any CPU
		{CFE76A0A-0CA9-46CE-AD77-89790F1E68BD}.Release|Any CPU.Build.0 = Release|Any CPU
		{78DBF7B7-0063-4B6B-B750-8DAE06ADE05B}.Debug|Any CPU.ActiveCfg = Debug|Any CPU
		{78DBF7B7-0063-4B6B-B750-8DAE06ADE05B}.Debug|Any CPU.Build.0 = Debug|Any CPU
		{78DBF7B7-0063-4B6B-B750-8DAE06ADE05B}.Release|Any CPU.ActiveCfg = Release|Any CPU
		{78DBF7B7-0063-4B6B-B750-8DAE06ADE05B}.Release|Any CPU.Build.0 = Release|Any CPU
		{4B8B8793-AAFD-4813-BB04-84CACC6102D6}.Debug|Any CPU.ActiveCfg = Debug|Any CPU
		{4B8B8793-AAFD-4813-BB04-84CACC6102D6}.Debug|Any CPU.Build.0 = Debug|Any CPU
		{4B8B8793-AAFD-4813-BB04-84CACC6102D6}.Release|Any CPU.ActiveCfg = Release|Any CPU
		{4B8B8793-AAFD-4813-BB04-84CACC6102D6}.Release|Any CPU.Build.0 = Release|Any CPU
		{EA253E02-06F5-47E9-B078-465CF374325D}.Debug|Any CPU.ActiveCfg = Debug|Any CPU
		{EA253E02-06F5-47E9-B078-465CF374325D}.Debug|Any CPU.Build.0 = Debug|Any CPU
		{EA253E02-06F5-47E9-B078-465CF374325D}.Release|Any CPU.ActiveCfg = Release|Any CPU
		{EA253E02-06F5-47E9-B078-465CF374325D}.Release|Any CPU.Build.0 = Release|Any CPU
		{376E7130-EA41-419A-97E3-A770ADE74E31}.Debug|Any CPU.ActiveCfg = Debug|Any CPU
		{376E7130-EA41-419A-97E3-A770ADE74E31}.Debug|Any CPU.Build.0 = Debug|Any CPU
		{376E7130-EA41-419A-97E3-A770ADE74E31}.Release|Any CPU.ActiveCfg = Release|Any CPU
		{376E7130-EA41-419A-97E3-A770ADE74E31}.Release|Any CPU.Build.0 = Release|Any CPU
		{FB6BE920-E6CB-4D71-B27D-FA8F3437809A}.Debug|Any CPU.ActiveCfg = Debug|Any CPU
		{FB6BE920-E6CB-4D71-B27D-FA8F3437809A}.Debug|Any CPU.Build.0 = Debug|Any CPU
		{FB6BE920-E6CB-4D71-B27D-FA8F3437809A}.Release|Any CPU.ActiveCfg = Release|Any CPU
		{FB6BE920-E6CB-4D71-B27D-FA8F3437809A}.Release|Any CPU.Build.0 = Release|Any CPU
	EndGlobalSection
	GlobalSection(SolutionProperties) = preSolution
		HideSolutionNode = FALSE
	EndGlobalSection
EndGlobal
